
Microsoft Visual Studio Solution File, Format Version 12.00
# Visual Studio Version 16
VisualStudioVersion = 16.0.31005.135
MinimumVisualStudioVersion = 10.0.40219.1
Project("{FAE04EC0-301F-11D3-BF4B-00C04F79EFBC}") = "ButtonPressTrackingSample", "ButtonPressTrackingSample\ButtonPressTrackingSample.csproj", "{058CAF57-FC0B-48E3-88E8-7D71A91D150B}"
EndProject
Project("{9A19103F-16F7-4668-BE54-9A1E7A4F7556}") = "Hideez.Integration.Lite", "..\..\Hideez.Integration.Lite\Hideez.Integration.Lite.csproj", "{A5C37F35-5C26-41A5-A1BD-55CD25EC13B6}"
EndProject
Global
	GlobalSection(SolutionConfigurationPlatforms) = preSolution
		Debug|Any CPU = Debug|Any CPU
		Debug|x64 = Debug|x64
		Debug|x86 = Debug|x86
		Release|Any CPU = Release|Any CPU
		Release|x64 = Release|x64
		Release|x86 = Release|x86
	EndGlobalSection
	GlobalSection(ProjectConfigurationPlatforms) = postSolution
		{058CAF57-FC0B-48E3-88E8-7D71A91D150B}.Debug|Any CPU.ActiveCfg = Debug|Any CPU
		{058CAF57-FC0B-48E3-88E8-7D71A91D150B}.Debug|Any CPU.Build.0 = Debug|Any CPU
		{058CAF57-FC0B-48E3-88E8-7D71A91D150B}.Debug|x64.ActiveCfg = Debug|Any CPU
		{058CAF57-FC0B-48E3-88E8-7D71A91D150B}.Debug|x64.Build.0 = Debug|Any CPU
		{058CAF57-FC0B-48E3-88E8-7D71A91D150B}.Debug|x86.ActiveCfg = Debug|Any CPU
		{058CAF57-FC0B-48E3-88E8-7D71A91D150B}.Debug|x86.Build.0 = Debug|Any CPU
		{058CAF57-FC0B-48E3-88E8-7D71A91D150B}.Release|Any CPU.ActiveCfg = Release|Any CPU
		{058CAF57-FC0B-48E3-88E8-7D71A91D150B}.Release|Any CPU.Build.0 = Release|Any CPU
		{058CAF57-FC0B-48E3-88E8-7D71A91D150B}.Release|x64.ActiveCfg = Release|Any CPU
		{058CAF57-FC0B-48E3-88E8-7D71A91D150B}.Release|x64.Build.0 = Release|Any CPU
		{058CAF57-FC0B-48E3-88E8-7D71A91D150B}.Release|x86.ActiveCfg = Release|Any CPU
		{058CAF57-FC0B-48E3-88E8-7D71A91D150B}.Release|x86.Build.0 = Release|Any CPU
		{A5C37F35-5C26-41A5-A1BD-55CD25EC13B6}.Debug|Any CPU.ActiveCfg = Debug|Any CPU
		{A5C37F35-5C26-41A5-A1BD-55CD25EC13B6}.Debug|Any CPU.Build.0 = Debug|Any CPU
		{A5C37F35-5C26-41A5-A1BD-55CD25EC13B6}.Debug|x64.ActiveCfg = Debug|Any CPU
		{A5C37F35-5C26-41A5-A1BD-55CD25EC13B6}.Debug|x64.Build.0 = Debug|Any CPU
		{A5C37F35-5C26-41A5-A1BD-55CD25EC13B6}.Debug|x86.ActiveCfg = Debug|Any CPU
		{A5C37F35-5C26-41A5-A1BD-55CD25EC13B6}.Debug|x86.Build.0 = Debug|Any CPU
		{A5C37F35-5C26-41A5-A1BD-55CD25EC13B6}.Release|Any CPU.ActiveCfg = Release|Any CPU
		{A5C37F35-5C26-41A5-A1BD-55CD25EC13B6}.Release|Any CPU.Build.0 = Release|Any CPU
		{A5C37F35-5C26-41A5-A1BD-55CD25EC13B6}.Release|x64.ActiveCfg = Release|Any CPU
		{A5C37F35-5C26-41A5-A1BD-55CD25EC13B6}.Release|x64.Build.0 = Release|Any CPU
		{A5C37F35-5C26-41A5-A1BD-55CD25EC13B6}.Release|x86.ActiveCfg = Release|Any CPU
		{A5C37F35-5C26-41A5-A1BD-55CD25EC13B6}.Release|x86.Build.0 = Release|Any CPU
	EndGlobalSection
	GlobalSection(SolutionProperties) = preSolution
		HideSolutionNode = FALSE
	EndGlobalSection
	GlobalSection(ExtensibilityGlobals) = postSolution
		SolutionGuid = {46DACB8A-6642-4F27-82D6-DD8738CF9514}
	EndGlobalSection
EndGlobal
