
Microsoft Visual Studio Solution File, Format Version 12.00
# Visual Studio Version 16
VisualStudioVersion = 16.0.30907.101
MinimumVisualStudioVersion = 10.0.40219.1
Project("{9A19103F-16F7-4668-BE54-9A1E7A4F7556}") = "Hideez.Integration.Lite", "Hideez.Integration.Lite\Hideez.Integration.Lite.csproj", "{C339DC2F-42A3-4710-AFDA-11115072F2AA}"
EndProject
Global
	GlobalSection(SolutionConfigurationPlatforms) = preSolution
		Debug|Any CPU = Debug|Any CPU
		Release|Any CPU = Release|Any CPU
	EndGlobalSection
	GlobalSection(ProjectConfigurationPlatforms) = postSolution
		{C339DC2F-42A3-4710-AFDA-11115072F2AA}.Debug|Any CPU.ActiveCfg = Debug|Any CPU
		{C339DC2F-42A3-4710-AFDA-11115072F2AA}.Debug|Any CPU.Build.0 = Debug|Any CPU
		{C339DC2F-42A3-4710-AFDA-11115072F2AA}.Release|Any CPU.ActiveCfg = Release|Any CPU
		{C339DC2F-42A3-4710-AFDA-11115072F2AA}.Release|Any CPU.Build.0 = Release|Any CPU
	EndGlobalSection
	GlobalSection(SolutionProperties) = preSolution
		HideSolutionNode = FALSE
	EndGlobalSection
	GlobalSection(ExtensibilityGlobals) = postSolution
		SolutionGuid = {ACF53719-61CA-434A-A9E2-62DFD1997053}
	EndGlobalSection
EndGlobal
